
Microsoft Visual Studio Solution File, Format Version 12.00
# Visual Studio Version 16
VisualStudioVersion = 16.0.32002.261
MinimumVisualStudioVersion = 10.0.40219.1
Project("{FAE04EC0-301F-11D3-BF4B-00C04F79EFBC}") = "Debugging", "Debugging.csproj", "{4BF329AA-8869-4EB1-AFD1-3F3882D18CCA}"
EndProject
Project("{2150E333-8FDC-42A3-9474-1A3956D46DE8}") = "Solution Items", "Solution Items", "{B4C33A02-CF5A-428C-A019-AAB8F6556724}"
	ProjectSection(SolutionItems) = preProject
		my_style.css = my_style.css
	EndProjectSection
EndProject
Global
	GlobalSection(SolutionConfigurationPlatforms) = preSolution
		Debug|Any CPU = Debug|Any CPU
		Release|Any CPU = Release|Any CPU
	EndGlobalSection
	GlobalSection(ProjectConfigurationPlatforms) = postSolution
		{4BF329AA-8869-4EB1-AFD1-3F3882D18CCA}.Debug|Any CPU.ActiveCfg = Debug|Any CPU
		{4BF329AA-8869-4EB1-AFD1-3F3882D18CCA}.Debug|Any CPU.Build.0 = Debug|Any CPU
		{4BF329AA-8869-4EB1-AFD1-3F3882D18CCA}.Release|Any CPU.ActiveCfg = Release|Any CPU
		{4BF329AA-8869-4EB1-AFD1-3F3882D18CCA}.Release|Any CPU.Build.0 = Release|Any CPU
	EndGlobalSection
	GlobalSection(SolutionProperties) = preSolution
		HideSolutionNode = FALSE
	EndGlobalSection
	GlobalSection(ExtensibilityGlobals) = postSolution
		SolutionGuid = {4F808B9B-9A5B-45F8-8DD5-AC5651142FA8}
	EndGlobalSection
	GlobalSection(TextTemplating) = postSolution
		TextTemplating = 1
	EndGlobalSection
EndGlobal
